
Microsoft Visual Studio Solution File, Format Version 12.00
# Visual Studio Version 17
VisualStudioVersion = 17.10.34928.147
MinimumVisualStudioVersion = 10.0.40219.1
Project("{FAE04EC0-301F-11D3-BF4B-00C04F79EFBC}") = "Blog Platformu", "Blog Platformu\Blog Platformu.csproj", "{2F5D5676-30FB-409A-A7D6-74B3E33739E7}"
EndProject
Project("{2150E333-8FDC-42A3-9474-1A3956D46DE8}") = "Çözüm Öğeleri", "Çözüm Öğeleri", "{5124C678-E271-467D-9798-7A7E70F85E49}"
	ProjectSection(SolutionItems) = preProject
		.gitignore = .gitignore
	EndProjectSection
EndProject
Global
	GlobalSection(SolutionConfigurationPlatforms) = preSolution
		Debug|Any CPU = Debug|Any CPU
		Release|Any CPU = Release|Any CPU
	EndGlobalSection
	GlobalSection(ProjectConfigurationPlatforms) = postSolution
		{2F5D5676-30FB-409A-A7D6-74B3E33739E7}.Debug|Any CPU.ActiveCfg = Debug|Any CPU
		{2F5D5676-30FB-409A-A7D6-74B3E33739E7}.Debug|Any CPU.Build.0 = Debug|Any CPU
		{2F5D5676-30FB-409A-A7D6-74B3E33739E7}.Release|Any CPU.ActiveCfg = Release|Any CPU
		{2F5D5676-30FB-409A-A7D6-74B3E33739E7}.Release|Any CPU.Build.0 = Release|Any CPU
	EndGlobalSection
	GlobalSection(SolutionProperties) = preSolution
		HideSolutionNode = FALSE
	EndGlobalSection
	GlobalSection(ExtensibilityGlobals) = postSolution
		SolutionGuid = {F42E4F63-9EB1-44AB-8513-90006FEBEE46}
	EndGlobalSection
EndGlobal
